// !$*UTF8*$!
{
	archiveVersion = 1;
	classes = {
	};
	objectVersion = 48;
	objects = {

/* Begin PBXBuildFile section */
		8402CA911F9B6A17001FF052 /* Extensions.swift in Sources */ = {isa = PBXBuildFile; fileRef = 84E7419C1F9A733B00245B14 /* Extensions.swift */; };
		8402CA921F9B6A17001FF052 /* ServerManager.swift in Sources */ = {isa = PBXBuildFile; fileRef = 84E7419B1F9A733000245B14 /* ServerManager.swift */; };
		8402CA931F9B6A17001FF052 /* HTTPRequestManager.swift in Sources */ = {isa = PBXBuildFile; fileRef = 84E7419A1F9A732A00245B14 /* HTTPRequestManager.swift */; };
		8402CA941F9B6A17001FF052 /* HTTPStatusCode.swift in Sources */ = {isa = PBXBuildFile; fileRef = 84E741991F9A731600245B14 /* HTTPStatusCode.swift */; };
		8402CA981F9B73EB001FF052 /* MainListViewController.swift in Sources */ = {isa = PBXBuildFile; fileRef = 8402CA971F9B73EB001FF052 /* MainListViewController.swift */; };
		8402CA9A1F9B7593001FF052 /* MainListTableViewCell.swift in Sources */ = {isa = PBXBuildFile; fileRef = 8402CA991F9B7593001FF052 /* MainListTableViewCell.swift */; };
		8402CA9C1F9B7736001FF052 /* RegistrationViewController.swift in Sources */ = {isa = PBXBuildFile; fileRef = 8402CA961F9B6C79001FF052 /* RegistrationViewController.swift */; };
		8402CA9E1F9B8DB2001FF052 /* InstitutionViewController.swift in Sources */ = {isa = PBXBuildFile; fileRef = 8402CA9D1F9B8DB2001FF052 /* InstitutionViewController.swift */; };
		8402CAA01F9B8F9C001FF052 /* InstitutionTableViewCell.swift in Sources */ = {isa = PBXBuildFile; fileRef = 8402CA9F1F9B8F9C001FF052 /* InstitutionTableViewCell.swift */; };
		8402CAA21F9B9C6D001FF052 /* Institute.swift in Sources */ = {isa = PBXBuildFile; fileRef = 8402CAA11F9B9C6D001FF052 /* Institute.swift */; };
		8402CAA41F9BBA8A001FF052 /* EnvelopeViewController.swift in Sources */ = {isa = PBXBuildFile; fileRef = 8402CAA31F9BBA8A001FF052 /* EnvelopeViewController.swift */; };
		8450A9E01FD02188009117B6 /* WhatToDoTableViewCell.swift in Sources */ = {isa = PBXBuildFile; fileRef = 8450A9DF1FD02188009117B6 /* WhatToDoTableViewCell.swift */; };
		8450A9E21FD03A60009117B6 /* LegalViewController.swift in Sources */ = {isa = PBXBuildFile; fileRef = 8450A9E11FD03A60009117B6 /* LegalViewController.swift */; };
		848D48351FE156B9004DB3B8 /* MainCollectionViewCell.swift in Sources */ = {isa = PBXBuildFile; fileRef = 848D48331FE156B9004DB3B8 /* MainCollectionViewCell.swift */; };
		848D48361FE156B9004DB3B8 /* MainCollectionViewCell.xib in Resources */ = {isa = PBXBuildFile; fileRef = 848D48341FE156B9004DB3B8 /* MainCollectionViewCell.xib */; };
		848D48381FE158F2004DB3B8 /* MainViewController.swift in Sources */ = {isa = PBXBuildFile; fileRef = 848D48371FE158F2004DB3B8 /* MainViewController.swift */; };
		84B10F5E1F9B4C6E001C23C7 /* Green.storyboard in Resources */ = {isa = PBXBuildFile; fileRef = 84B10F5D1F9B4C6E001C23C7 /* Green.storyboard */; };
		84B10F6B1F9B4F69001C23C7 /* GreenMainViewController.swift in Sources */ = {isa = PBXBuildFile; fileRef = 84B10F6A1F9B4F69001C23C7 /* GreenMainViewController.swift */; };
		84B10F701F9B4FCF001C23C7 /* GreenCategoryTableViewCell.swift in Sources */ = {isa = PBXBuildFile; fileRef = 84B10F6F1F9B4FCF001C23C7 /* GreenCategoryTableViewCell.swift */; };
		84B10F721F9B5248001C23C7 /* Category.swift in Sources */ = {isa = PBXBuildFile; fileRef = 84B10F711F9B5248001C23C7 /* Category.swift */; };
		84C215E61FDA751300E3D054 /* DescriptionTableViewCell.swift in Sources */ = {isa = PBXBuildFile; fileRef = 84C215E51FDA751300E3D054 /* DescriptionTableViewCell.swift */; };
		84D16D291F9BE05F001D4019 /* Registration.storyboard in Resources */ = {isa = PBXBuildFile; fileRef = 84D16D281F9BE05F001D4019 /* Registration.storyboard */; };
		84D16D2C1F9BFE96001D4019 /* Pins.storyboard in Resources */ = {isa = PBXBuildFile; fileRef = 84D16D2B1F9BFE96001D4019 /* Pins.storyboard */; };
		84D16D2F1F9BFEAF001D4019 /* PinsViewController.swift in Sources */ = {isa = PBXBuildFile; fileRef = 84D16D2E1F9BFEAF001D4019 /* PinsViewController.swift */; };
		84D16D331F9BFF85001D4019 /* SMS.storyboard in Resources */ = {isa = PBXBuildFile; fileRef = 84D16D321F9BFF85001D4019 /* SMS.storyboard */; };
		84D16D351F9BFFB0001D4019 /* SMSViewController.swift in Sources */ = {isa = PBXBuildFile; fileRef = 84D16D341F9BFFB0001D4019 /* SMSViewController.swift */; };
		84D16D381F9BFFD3001D4019 /* HandBook.storyboard in Resources */ = {isa = PBXBuildFile; fileRef = 84D16D371F9BFFD3001D4019 /* HandBook.storyboard */; };
		84D16D3B1F9BFFEB001D4019 /* HandBookViewController.swift in Sources */ = {isa = PBXBuildFile; fileRef = 84D16D3A1F9BFFEB001D4019 /* HandBookViewController.swift */; };
		84D16D3D1F9C035A001D4019 /* DetailsViewController.swift in Sources */ = {isa = PBXBuildFile; fileRef = 84D16D3C1F9C035A001D4019 /* DetailsViewController.swift */; };
		84D16D3F1F9C0A69001D4019 /* Location.swift in Sources */ = {isa = PBXBuildFile; fileRef = 84D16D3E1F9C0A69001D4019 /* Location.swift */; };
		84D16D431F9C2631001D4019 /* MessageComposer.swift in Sources */ = {isa = PBXBuildFile; fileRef = 84D16D421F9C2631001D4019 /* MessageComposer.swift */; };
		84E07E841FE17F0E0028BED8 /* Stories.storyboard in Resources */ = {isa = PBXBuildFile; fileRef = 84E07E831FE17F0E0028BED8 /* Stories.storyboard */; };
		84E07E881FE180160028BED8 /* StoriesTableViewController.swift in Sources */ = {isa = PBXBuildFile; fileRef = 84E07E871FE180160028BED8 /* StoriesTableViewController.swift */; };
		84E26A951FCDA5B1001C23E4 /* DescriptionViewController.swift in Sources */ = {isa = PBXBuildFile; fileRef = 84E26A941FCDA5B1001C23E4 /* DescriptionViewController.swift */; };
		84E26A971FCDB3A9001C23E4 /* WhatToDoTableViewController.swift in Sources */ = {isa = PBXBuildFile; fileRef = 84E26A961FCDB3A9001C23E4 /* WhatToDoTableViewController.swift */; };
		84E741721F9A713E00245B14 /* AppDelegate.swift in Sources */ = {isa = PBXBuildFile; fileRef = 84E741711F9A713E00245B14 /* AppDelegate.swift */; };
		84E741741F9A713E00245B14 /* ViewController.swift in Sources */ = {isa = PBXBuildFile; fileRef = 84E741731F9A713E00245B14 /* ViewController.swift */; };
		84E741771F9A713E00245B14 /* Main.storyboard in Resources */ = {isa = PBXBuildFile; fileRef = 84E741751F9A713E00245B14 /* Main.storyboard */; };
		84E741791F9A713E00245B14 /* Assets.xcassets in Resources */ = {isa = PBXBuildFile; fileRef = 84E741781F9A713E00245B14 /* Assets.xcassets */; };
		84E7417C1F9A713E00245B14 /* LaunchScreen.storyboard in Resources */ = {isa = PBXBuildFile; fileRef = 84E7417A1F9A713E00245B14 /* LaunchScreen.storyboard */; };
		84E7418B1F9A722B00245B14 /* StartingPage.storyboard in Resources */ = {isa = PBXBuildFile; fileRef = 84E7418A1F9A722B00245B14 /* StartingPage.storyboard */; };
		84E7418E1F9A724200245B14 /* MainPage.storyboard in Resources */ = {isa = PBXBuildFile; fileRef = 84E7418D1F9A724200245B14 /* MainPage.storyboard */; };
		84E741941F9A728800245B14 /* Login.storyboard in Resources */ = {isa = PBXBuildFile; fileRef = 84E741931F9A728800245B14 /* Login.storyboard */; };
		84E741A81F9A892900245B14 /* PageViewController.swift in Sources */ = {isa = PBXBuildFile; fileRef = 84E741A71F9A892900245B14 /* PageViewController.swift */; };
		84E741AA1F9A8AA500245B14 /* GreenViewController.swift in Sources */ = {isa = PBXBuildFile; fileRef = 84E741A91F9A8AA500245B14 /* GreenViewController.swift */; };
		84E741AC1F9A8AB300245B14 /* YellowViewController.swift in Sources */ = {isa = PBXBuildFile; fileRef = 84E741AB1F9A8AB300245B14 /* YellowViewController.swift */; };
		84E741AE1F9A8ABE00245B14 /* RedViewController.swift in Sources */ = {isa = PBXBuildFile; fileRef = 84E741AD1F9A8ABE00245B14 /* RedViewController.swift */; };
		84F3D9E21F9C704800046EF1 /* DetailedViewController.swift in Sources */ = {isa = PBXBuildFile; fileRef = 84F3D9E11F9C704800046EF1 /* DetailedViewController.swift */; };
		84F3D9E41F9C717F00046EF1 /* DataManager.swift in Sources */ = {isa = PBXBuildFile; fileRef = 84F3D9E31F9C717F00046EF1 /* DataManager.swift */; };
		84F3D9E71F9C83F900046EF1 /* HandBookTableViewCell.swift in Sources */ = {isa = PBXBuildFile; fileRef = 84F3D9E61F9C83F900046EF1 /* HandBookTableViewCell.swift */; };
		84F3D9E91F9C845200046EF1 /* Article.swift in Sources */ = {isa = PBXBuildFile; fileRef = 84F3D9E81F9C845200046EF1 /* Article.swift */; };
		84F3D9ED1F9CA17000046EF1 /* Pin.swift in Sources */ = {isa = PBXBuildFile; fileRef = 84F3D9EC1F9CA16F00046EF1 /* Pin.swift */; };
		A378D610496AF55F59F7CF5E /* Pods_SOS.framework in Frameworks */ = {isa = PBXBuildFile; fileRef = 18AF172DF51CFC48DE679C59 /* Pods_SOS.framework */; };
/* End PBXBuildFile section */

/* Begin PBXFileReference section */
		18AF172DF51CFC48DE679C59 /* Pods_SOS.framework */ = {isa = PBXFileReference; explicitFileType = wrapper.framework; includeInIndex = 0; path = Pods_SOS.framework; sourceTree = BUILT_PRODUCTS_DIR; };
		69E5A18DDC8000C5F161D3C2 /* Pods-SOS.debug.xcconfig */ = {isa = PBXFileReference; includeInIndex = 1; lastKnownFileType = text.xcconfig; name = "Pods-SOS.debug.xcconfig"; path = "Pods/Target Support Files/Pods-SOS/Pods-SOS.debug.xcconfig"; sourceTree = "<group>"; };
		8402CA961F9B6C79001FF052 /* RegistrationViewController.swift */ = {isa = PBXFileReference; lastKnownFileType = sourcecode.swift; path = RegistrationViewController.swift; sourceTree = "<group>"; };
		8402CA971F9B73EB001FF052 /* MainListViewController.swift */ = {isa = PBXFileReference; lastKnownFileType = sourcecode.swift; path = MainListViewController.swift; sourceTree = "<group>"; };
		8402CA991F9B7593001FF052 /* MainListTableViewCell.swift */ = {isa = PBXFileReference; lastKnownFileType = sourcecode.swift; path = MainListTableViewCell.swift; sourceTree = "<group>"; };
		8402CA9D1F9B8DB2001FF052 /* InstitutionViewController.swift */ = {isa = PBXFileReference; lastKnownFileType = sourcecode.swift; path = InstitutionViewController.swift; sourceTree = "<group>"; };
		8402CA9F1F9B8F9C001FF052 /* InstitutionTableViewCell.swift */ = {isa = PBXFileReference; lastKnownFileType = sourcecode.swift; path = InstitutionTableViewCell.swift; sourceTree = "<group>"; };
		8402CAA11F9B9C6D001FF052 /* Institute.swift */ = {isa = PBXFileReference; lastKnownFileType = sourcecode.swift; path = Institute.swift; sourceTree = "<group>"; };
		8402CAA31F9BBA8A001FF052 /* EnvelopeViewController.swift */ = {isa = PBXFileReference; lastKnownFileType = sourcecode.swift; path = EnvelopeViewController.swift; sourceTree = "<group>"; };
		8450A9DF1FD02188009117B6 /* WhatToDoTableViewCell.swift */ = {isa = PBXFileReference; lastKnownFileType = sourcecode.swift; path = WhatToDoTableViewCell.swift; sourceTree = "<group>"; };
		8450A9E11FD03A60009117B6 /* LegalViewController.swift */ = {isa = PBXFileReference; lastKnownFileType = sourcecode.swift; path = LegalViewController.swift; sourceTree = "<group>"; };
		848D48331FE156B9004DB3B8 /* MainCollectionViewCell.swift */ = {isa = PBXFileReference; lastKnownFileType = sourcecode.swift; path = MainCollectionViewCell.swift; sourceTree = "<group>"; };
		848D48341FE156B9004DB3B8 /* MainCollectionViewCell.xib */ = {isa = PBXFileReference; lastKnownFileType = file.xib; path = MainCollectionViewCell.xib; sourceTree = "<group>"; };
		848D48371FE158F2004DB3B8 /* MainViewController.swift */ = {isa = PBXFileReference; lastKnownFileType = sourcecode.swift; path = MainViewController.swift; sourceTree = "<group>"; };
		84B10F5D1F9B4C6E001C23C7 /* Green.storyboard */ = {isa = PBXFileReference; lastKnownFileType = file.storyboard; path = Green.storyboard; sourceTree = "<group>"; };
		84B10F6A1F9B4F69001C23C7 /* GreenMainViewController.swift */ = {isa = PBXFileReference; lastKnownFileType = sourcecode.swift; path = GreenMainViewController.swift; sourceTree = "<group>"; };
		84B10F6F1F9B4FCF001C23C7 /* GreenCategoryTableViewCell.swift */ = {isa = PBXFileReference; lastKnownFileType = sourcecode.swift; path = GreenCategoryTableViewCell.swift; sourceTree = "<group>"; };
		84B10F711F9B5248001C23C7 /* Category.swift */ = {isa = PBXFileReference; lastKnownFileType = sourcecode.swift; path = Category.swift; sourceTree = "<group>"; };
		84C215E51FDA751300E3D054 /* DescriptionTableViewCell.swift */ = {isa = PBXFileReference; lastKnownFileType = sourcecode.swift; path = DescriptionTableViewCell.swift; sourceTree = "<group>"; };
		84D16D281F9BE05F001D4019 /* Registration.storyboard */ = {isa = PBXFileReference; lastKnownFileType = file.storyboard; path = Registration.storyboard; sourceTree = "<group>"; };
		84D16D2B1F9BFE96001D4019 /* Pins.storyboard */ = {isa = PBXFileReference; lastKnownFileType = file.storyboard; path = Pins.storyboard; sourceTree = "<group>"; };
		84D16D2E1F9BFEAF001D4019 /* PinsViewController.swift */ = {isa = PBXFileReference; lastKnownFileType = sourcecode.swift; path = PinsViewController.swift; sourceTree = "<group>"; };
		84D16D321F9BFF85001D4019 /* SMS.storyboard */ = {isa = PBXFileReference; lastKnownFileType = file.storyboard; path = SMS.storyboard; sourceTree = "<group>"; };
		84D16D341F9BFFB0001D4019 /* SMSViewController.swift */ = {isa = PBXFileReference; lastKnownFileType = sourcecode.swift; path = SMSViewController.swift; sourceTree = "<group>"; };
		84D16D371F9BFFD3001D4019 /* HandBook.storyboard */ = {isa = PBXFileReference; lastKnownFileType = file.storyboard; path = HandBook.storyboard; sourceTree = "<group>"; };
		84D16D3A1F9BFFEB001D4019 /* HandBookViewController.swift */ = {isa = PBXFileReference; lastKnownFileType = sourcecode.swift; path = HandBookViewController.swift; sourceTree = "<group>"; };
		84D16D3C1F9C035A001D4019 /* DetailsViewController.swift */ = {isa = PBXFileReference; lastKnownFileType = sourcecode.swift; path = DetailsViewController.swift; sourceTree = "<group>"; };
		84D16D3E1F9C0A69001D4019 /* Location.swift */ = {isa = PBXFileReference; lastKnownFileType = sourcecode.swift; path = Location.swift; sourceTree = "<group>"; };
		84D16D421F9C2631001D4019 /* MessageComposer.swift */ = {isa = PBXFileReference; lastKnownFileType = sourcecode.swift; path = MessageComposer.swift; sourceTree = "<group>"; };
		84E07E831FE17F0E0028BED8 /* Stories.storyboard */ = {isa = PBXFileReference; lastKnownFileType = file.storyboard; path = Stories.storyboard; sourceTree = "<group>"; };
		84E07E871FE180160028BED8 /* StoriesTableViewController.swift */ = {isa = PBXFileReference; lastKnownFileType = sourcecode.swift; path = StoriesTableViewController.swift; sourceTree = "<group>"; };
		84E26A941FCDA5B1001C23E4 /* DescriptionViewController.swift */ = {isa = PBXFileReference; lastKnownFileType = sourcecode.swift; path = DescriptionViewController.swift; sourceTree = "<group>"; };
		84E26A961FCDB3A9001C23E4 /* WhatToDoTableViewController.swift */ = {isa = PBXFileReference; lastKnownFileType = sourcecode.swift; path = WhatToDoTableViewController.swift; sourceTree = "<group>"; };
		84E7416E1F9A713E00245B14 /* SOS.app */ = {isa = PBXFileReference; explicitFileType = wrapper.application; includeInIndex = 0; path = SOS.app; sourceTree = BUILT_PRODUCTS_DIR; };
		84E741711F9A713E00245B14 /* AppDelegate.swift */ = {isa = PBXFileReference; lastKnownFileType = sourcecode.swift; path = AppDelegate.swift; sourceTree = "<group>"; };
		84E741731F9A713E00245B14 /* ViewController.swift */ = {isa = PBXFileReference; lastKnownFileType = sourcecode.swift; path = ViewController.swift; sourceTree = "<group>"; };
		84E741761F9A713E00245B14 /* Base */ = {isa = PBXFileReference; lastKnownFileType = file.storyboard; name = Base; path = Base.lproj/Main.storyboard; sourceTree = "<group>"; };
		84E741781F9A713E00245B14 /* Assets.xcassets */ = {isa = PBXFileReference; lastKnownFileType = folder.assetcatalog; path = Assets.xcassets; sourceTree = "<group>"; };
		84E7417B1F9A713E00245B14 /* Base */ = {isa = PBXFileReference; lastKnownFileType = file.storyboard; name = Base; path = Base.lproj/LaunchScreen.storyboard; sourceTree = "<group>"; };
		84E7417D1F9A713E00245B14 /* Info.plist */ = {isa = PBXFileReference; lastKnownFileType = text.plist.xml; path = Info.plist; sourceTree = "<group>"; };
		84E7418A1F9A722B00245B14 /* StartingPage.storyboard */ = {isa = PBXFileReference; lastKnownFileType = file.storyboard; path = StartingPage.storyboard; sourceTree = "<group>"; };
		84E7418D1F9A724200245B14 /* MainPage.storyboard */ = {isa = PBXFileReference; lastKnownFileType = file.storyboard; path = MainPage.storyboard; sourceTree = "<group>"; };
		84E741931F9A728800245B14 /* Login.storyboard */ = {isa = PBXFileReference; lastKnownFileType = file.storyboard; path = Login.storyboard; sourceTree = "<group>"; };
		84E741991F9A731600245B14 /* HTTPStatusCode.swift */ = {isa = PBXFileReference; lastKnownFileType = sourcecode.swift; path = HTTPStatusCode.swift; sourceTree = "<group>"; };
		84E7419A1F9A732A00245B14 /* HTTPRequestManager.swift */ = {isa = PBXFileReference; lastKnownFileType = sourcecode.swift; path = HTTPRequestManager.swift; sourceTree = "<group>"; };
		84E7419B1F9A733000245B14 /* ServerManager.swift */ = {isa = PBXFileReference; lastKnownFileType = sourcecode.swift; path = ServerManager.swift; sourceTree = "<group>"; };
		84E7419C1F9A733B00245B14 /* Extensions.swift */ = {isa = PBXFileReference; lastKnownFileType = sourcecode.swift; path = Extensions.swift; sourceTree = "<group>"; };
		84E741A71F9A892900245B14 /* PageViewController.swift */ = {isa = PBXFileReference; lastKnownFileType = sourcecode.swift; path = PageViewController.swift; sourceTree = "<group>"; };
		84E741A91F9A8AA500245B14 /* GreenViewController.swift */ = {isa = PBXFileReference; lastKnownFileType = sourcecode.swift; path = GreenViewController.swift; sourceTree = "<group>"; };
		84E741AB1F9A8AB300245B14 /* YellowViewController.swift */ = {isa = PBXFileReference; lastKnownFileType = sourcecode.swift; path = YellowViewController.swift; sourceTree = "<group>"; };
		84E741AD1F9A8ABE00245B14 /* RedViewController.swift */ = {isa = PBXFileReference; lastKnownFileType = sourcecode.swift; path = RedViewController.swift; sourceTree = "<group>"; };
		84F3D9E11F9C704800046EF1 /* DetailedViewController.swift */ = {isa = PBXFileReference; lastKnownFileType = sourcecode.swift; path = DetailedViewController.swift; sourceTree = "<group>"; };
		84F3D9E31F9C717F00046EF1 /* DataManager.swift */ = {isa = PBXFileReference; lastKnownFileType = sourcecode.swift; path = DataManager.swift; sourceTree = "<group>"; };
		84F3D9E61F9C83F900046EF1 /* HandBookTableViewCell.swift */ = {isa = PBXFileReference; lastKnownFileType = sourcecode.swift; path = HandBookTableViewCell.swift; sourceTree = "<group>"; };
		84F3D9E81F9C845200046EF1 /* Article.swift */ = {isa = PBXFileReference; lastKnownFileType = sourcecode.swift; path = Article.swift; sourceTree = "<group>"; };
		84F3D9EC1F9CA16F00046EF1 /* Pin.swift */ = {isa = PBXFileReference; lastKnownFileType = sourcecode.swift; path = Pin.swift; sourceTree = "<group>"; };
		E13AF5A7BDB9AC2D2A8E07DE /* Pods-SOS.release.xcconfig */ = {isa = PBXFileReference; includeInIndex = 1; lastKnownFileType = text.xcconfig; name = "Pods-SOS.release.xcconfig"; path = "Pods/Target Support Files/Pods-SOS/Pods-SOS.release.xcconfig"; sourceTree = "<group>"; };
/* End PBXFileReference section */

/* Begin PBXFrameworksBuildPhase section */
		84E7416B1F9A713E00245B14 /* Frameworks */ = {
			isa = PBXFrameworksBuildPhase;
			buildActionMask = 2147483647;
			files = (
				A378D610496AF55F59F7CF5E /* Pods_SOS.framework in Frameworks */,
			);
			runOnlyForDeploymentPostprocessing = 0;
		};
/* End PBXFrameworksBuildPhase section */

/* Begin PBXGroup section */
		2D827974C23F9BFE7F76AB63 /* Pods */ = {
			isa = PBXGroup;
			children = (
				69E5A18DDC8000C5F161D3C2 /* Pods-SOS.debug.xcconfig */,
				E13AF5A7BDB9AC2D2A8E07DE /* Pods-SOS.release.xcconfig */,
			);
			name = Pods;
			sourceTree = "<group>";
		};
		84B10F581F9B3D4E001C23C7 /* Cells */ = {
			isa = PBXGroup;
			children = (
				8402CA991F9B7593001FF052 /* MainListTableViewCell.swift */,
				848D48331FE156B9004DB3B8 /* MainCollectionViewCell.swift */,
				848D48341FE156B9004DB3B8 /* MainCollectionViewCell.xib */,
			);
			path = Cells;
			sourceTree = "<group>";
		};
		84B10F5B1F9B4C30001C23C7 /* GreenButton */ = {
			isa = PBXGroup;
			children = (
				84B10F6C1F9B4F72001C23C7 /* Cells */,
				84B10F5C1F9B4C4E001C23C7 /* Controllers */,
				84B10F5D1F9B4C6E001C23C7 /* Green.storyboard */,
			);
			path = GreenButton;
			sourceTree = "<group>";
		};
		84B10F5C1F9B4C4E001C23C7 /* Controllers */ = {
			isa = PBXGroup;
			children = (
				84B10F6A1F9B4F69001C23C7 /* GreenMainViewController.swift */,
				8402CA9D1F9B8DB2001FF052 /* InstitutionViewController.swift */,
				84D16D3C1F9C035A001D4019 /* DetailsViewController.swift */,
				84F3D9E11F9C704800046EF1 /* DetailedViewController.swift */,
			);
			path = Controllers;
			sourceTree = "<group>";
		};
		84B10F6C1F9B4F72001C23C7 /* Cells */ = {
			isa = PBXGroup;
			children = (
				84B10F6F1F9B4FCF001C23C7 /* GreenCategoryTableViewCell.swift */,
				8402CA9F1F9B8F9C001FF052 /* InstitutionTableViewCell.swift */,
			);
			path = Cells;
			sourceTree = "<group>";
		};
		84D16D2A1F9BFE88001D4019 /* Pins */ = {
			isa = PBXGroup;
			children = (
				84D16D2D1F9BFE9C001D4019 /* Controllers */,
				84D16D2B1F9BFE96001D4019 /* Pins.storyboard */,
			);
			path = Pins;
			sourceTree = "<group>";
		};
		84D16D2D1F9BFE9C001D4019 /* Controllers */ = {
			isa = PBXGroup;
			children = (
				84D16D2E1F9BFEAF001D4019 /* PinsViewController.swift */,
			);
			path = Controllers;
			sourceTree = "<group>";
		};
		84D16D301F9BFF73001D4019 /* SMS */ = {
			isa = PBXGroup;
			children = (
				84D16D311F9BFF79001D4019 /* Controllers */,
				84D16D321F9BFF85001D4019 /* SMS.storyboard */,
			);
			path = SMS;
			sourceTree = "<group>";
		};
		84D16D311F9BFF79001D4019 /* Controllers */ = {
			isa = PBXGroup;
			children = (
				84D16D341F9BFFB0001D4019 /* SMSViewController.swift */,
			);
			path = Controllers;
			sourceTree = "<group>";
		};
		84D16D361F9BFFC4001D4019 /* HandBook */ = {
			isa = PBXGroup;
			children = (
				84F3D9E51F9C83D400046EF1 /* Cells */,
				84D16D391F9BFFD6001D4019 /* Controllers */,
				84D16D371F9BFFD3001D4019 /* HandBook.storyboard */,
			);
			path = HandBook;
			sourceTree = "<group>";
		};
		84D16D391F9BFFD6001D4019 /* Controllers */ = {
			isa = PBXGroup;
			children = (
				84D16D3A1F9BFFEB001D4019 /* HandBookViewController.swift */,
				84E26A941FCDA5B1001C23E4 /* DescriptionViewController.swift */,
				84E26A961FCDB3A9001C23E4 /* WhatToDoTableViewController.swift */,
				8450A9E11FD03A60009117B6 /* LegalViewController.swift */,
			);
			path = Controllers;
			sourceTree = "<group>";
		};
		84E07E801FE17EBF0028BED8 /* Stories */ = {
			isa = PBXGroup;
			children = (
				84E07E811FE17EDA0028BED8 /* Controllers */,
				84E07E831FE17F0E0028BED8 /* Stories.storyboard */,
			);
			path = Stories;
			sourceTree = "<group>";
		};
		84E07E811FE17EDA0028BED8 /* Controllers */ = {
			isa = PBXGroup;
			children = (
				84E07E871FE180160028BED8 /* StoriesTableViewController.swift */,
			);
			path = Controllers;
			sourceTree = "<group>";
		};
		84E741651F9A713E00245B14 = {
			isa = PBXGroup;
			children = (
				84E741701F9A713E00245B14 /* SOS */,
				84E7416F1F9A713E00245B14 /* Products */,
				2D827974C23F9BFE7F76AB63 /* Pods */,
				EC15D40AA7F76C84DE516B6C /* Frameworks */,
			);
			sourceTree = "<group>";
		};
		84E7416F1F9A713E00245B14 /* Products */ = {
			isa = PBXGroup;
			children = (
				84E7416E1F9A713E00245B14 /* SOS.app */,
			);
			name = Products;
			sourceTree = "<group>";
		};
		84E741701F9A713E00245B14 /* SOS */ = {
			isa = PBXGroup;
			children = (
				84E07E801FE17EBF0028BED8 /* Stories */,
				84D16D361F9BFFC4001D4019 /* HandBook */,
				84D16D301F9BFF73001D4019 /* SMS */,
				84D16D2A1F9BFE88001D4019 /* Pins */,
				84E741831F9A717300245B14 /* Models */,
				84E741841F9A717A00245B14 /* Supporting Files */,
				84B10F5B1F9B4C30001C23C7 /* GreenButton */,
				84E741881F9A71A200245B14 /* MainPage */,
				84E741871F9A719400245B14 /* StartingPage */,
				84E741851F9A718300245B14 /* Login */,
				84E741711F9A713E00245B14 /* AppDelegate.swift */,
				84E741731F9A713E00245B14 /* ViewController.swift */,
				84E741751F9A713E00245B14 /* Main.storyboard */,
				84E741781F9A713E00245B14 /* Assets.xcassets */,
				84E7417A1F9A713E00245B14 /* LaunchScreen.storyboard */,
				84E7417D1F9A713E00245B14 /* Info.plist */,
			);
			path = SOS;
			sourceTree = "<group>";
		};
		84E741831F9A717300245B14 /* Models */ = {
			isa = PBXGroup;
			children = (
				84F3D9EC1F9CA16F00046EF1 /* Pin.swift */,
				84B10F711F9B5248001C23C7 /* Category.swift */,
				8402CAA11F9B9C6D001FF052 /* Institute.swift */,
				84D16D3E1F9C0A69001D4019 /* Location.swift */,
				84F3D9E81F9C845200046EF1 /* Article.swift */,
			);
			path = Models;
			sourceTree = "<group>";
		};
		84E741841F9A717A00245B14 /* Supporting Files */ = {
			isa = PBXGroup;
			children = (
				84F3D9E31F9C717F00046EF1 /* DataManager.swift */,
				84E7419C1F9A733B00245B14 /* Extensions.swift */,
				84E7419B1F9A733000245B14 /* ServerManager.swift */,
				84E7419A1F9A732A00245B14 /* HTTPRequestManager.swift */,
				84E741991F9A731600245B14 /* HTTPStatusCode.swift */,
			);
			path = "Supporting Files";
			sourceTree = "<group>";
		};
		84E741851F9A718300245B14 /* Login */ = {
			isa = PBXGroup;
			children = (
				84E741931F9A728800245B14 /* Login.storyboard */,
			);
			path = Login;
			sourceTree = "<group>";
		};
		84E741861F9A718900245B14 /* Registration */ = {
			isa = PBXGroup;
			children = (
				84E7418F1F9A726600245B14 /* Controllers */,
				84D16D281F9BE05F001D4019 /* Registration.storyboard */,
			);
			path = Registration;
			sourceTree = "<group>";
		};
		84E741871F9A719400245B14 /* StartingPage */ = {
			isa = PBXGroup;
			children = (
				84E741891F9A720C00245B14 /* Controllers */,
				84E7418A1F9A722B00245B14 /* StartingPage.storyboard */,
				84E741861F9A718900245B14 /* Registration */,
			);
			path = StartingPage;
			sourceTree = "<group>";
		};
		84E741881F9A71A200245B14 /* MainPage */ = {
			isa = PBXGroup;
			children = (
				84B10F581F9B3D4E001C23C7 /* Cells */,
				84E7418C1F9A723500245B14 /* Controllers */,
				84E7418D1F9A724200245B14 /* MainPage.storyboard */,
			);
			path = MainPage;
			sourceTree = "<group>";
		};
		84E741891F9A720C00245B14 /* Controllers */ = {
			isa = PBXGroup;
			children = (
				84E741A71F9A892900245B14 /* PageViewController.swift */,
				84E741A91F9A8AA500245B14 /* GreenViewController.swift */,
				84E741AB1F9A8AB300245B14 /* YellowViewController.swift */,
				84E741AD1F9A8ABE00245B14 /* RedViewController.swift */,
				8402CAA31F9BBA8A001FF052 /* EnvelopeViewController.swift */,
			);
			path = Controllers;
			sourceTree = "<group>";
		};
		84E7418C1F9A723500245B14 /* Controllers */ = {
			isa = PBXGroup;
			children = (
				84D16D421F9C2631001D4019 /* MessageComposer.swift */,
				8402CA971F9B73EB001FF052 /* MainListViewController.swift */,
				848D48371FE158F2004DB3B8 /* MainViewController.swift */,
			);
			path = Controllers;
			sourceTree = "<group>";
		};
		84E7418F1F9A726600245B14 /* Controllers */ = {
			isa = PBXGroup;
			children = (
				8402CA961F9B6C79001FF052 /* RegistrationViewController.swift */,
			);
			path = Controllers;
			sourceTree = "<group>";
		};
		84F3D9E51F9C83D400046EF1 /* Cells */ = {
			isa = PBXGroup;
			children = (
				84F3D9E61F9C83F900046EF1 /* HandBookTableViewCell.swift */,
				8450A9DF1FD02188009117B6 /* WhatToDoTableViewCell.swift */,
				84C215E51FDA751300E3D054 /* DescriptionTableViewCell.swift */,
			);
			path = Cells;
			sourceTree = "<group>";
		};
		EC15D40AA7F76C84DE516B6C /* Frameworks */ = {
			isa = PBXGroup;
			children = (
				18AF172DF51CFC48DE679C59 /* Pods_SOS.framework */,
			);
			name = Frameworks;
			sourceTree = "<group>";
		};
/* End PBXGroup section */

/* Begin PBXNativeTarget section */
		84E7416D1F9A713E00245B14 /* SOS */ = {
			isa = PBXNativeTarget;
			buildConfigurationList = 84E741801F9A713E00245B14 /* Build configuration list for PBXNativeTarget "SOS" */;
			buildPhases = (
				905CEBD62A6BC366727AF488 /* [CP] Check Pods Manifest.lock */,
				84E7416A1F9A713E00245B14 /* Sources */,
				84E7416B1F9A713E00245B14 /* Frameworks */,
				84E7416C1F9A713E00245B14 /* Resources */,
				7D8092B836CEAE0546B27979 /* [CP] Embed Pods Frameworks */,
				C67E80AFDC2A6F9959E07228 /* [CP] Copy Pods Resources */,
			);
			buildRules = (
			);
			dependencies = (
			);
			name = SOS;
			productName = SOS;
			productReference = 84E7416E1F9A713E00245B14 /* SOS.app */;
			productType = "com.apple.product-type.application";
		};
/* End PBXNativeTarget section */

/* Begin PBXProject section */
		84E741661F9A713E00245B14 /* Project object */ = {
			isa = PBXProject;
			attributes = {
				LastSwiftUpdateCheck = 0900;
				LastUpgradeCheck = 0900;
				ORGANIZATIONNAME = Admin;
				TargetAttributes = {
					84E7416D1F9A713E00245B14 = {
						CreatedOnToolsVersion = 9.0;
						ProvisioningStyle = Automatic;
					};
				};
			};
			buildConfigurationList = 84E741691F9A713E00245B14 /* Build configuration list for PBXProject "SOS" */;
			compatibilityVersion = "Xcode 8.0";
			developmentRegion = en;
			hasScannedForEncodings = 0;
			knownRegions = (
				en,
				Base,
			);
			mainGroup = 84E741651F9A713E00245B14;
			productRefGroup = 84E7416F1F9A713E00245B14 /* Products */;
			projectDirPath = "";
			projectRoot = "";
			targets = (
				84E7416D1F9A713E00245B14 /* SOS */,
			);
		};
/* End PBXProject section */

/* Begin PBXResourcesBuildPhase section */
		84E7416C1F9A713E00245B14 /* Resources */ = {
			isa = PBXResourcesBuildPhase;
			buildActionMask = 2147483647;
			files = (
				84B10F5E1F9B4C6E001C23C7 /* Green.storyboard in Resources */,
				84E7417C1F9A713E00245B14 /* LaunchScreen.storyboard in Resources */,
				84D16D291F9BE05F001D4019 /* Registration.storyboard in Resources */,
				84E741941F9A728800245B14 /* Login.storyboard in Resources */,
				84D16D331F9BFF85001D4019 /* SMS.storyboard in Resources */,
				84E741791F9A713E00245B14 /* Assets.xcassets in Resources */,
				84D16D381F9BFFD3001D4019 /* HandBook.storyboard in Resources */,
				848D48361FE156B9004DB3B8 /* MainCollectionViewCell.xib in Resources */,
				84E7418E1F9A724200245B14 /* MainPage.storyboard in Resources */,
				84D16D2C1F9BFE96001D4019 /* Pins.storyboard in Resources */,
				84E741771F9A713E00245B14 /* Main.storyboard in Resources */,
				84E07E841FE17F0E0028BED8 /* Stories.storyboard in Resources */,
				84E7418B1F9A722B00245B14 /* StartingPage.storyboard in Resources */,
			);
			runOnlyForDeploymentPostprocessing = 0;
		};
/* End PBXResourcesBuildPhase section */

/* Begin PBXShellScriptBuildPhase section */
		7D8092B836CEAE0546B27979 /* [CP] Embed Pods Frameworks */ = {
			isa = PBXShellScriptBuildPhase;
			buildActionMask = 2147483647;
			files = (
			);
			inputPaths = (
				"${SRCROOT}/Pods/Target Support Files/Pods-SOS/Pods-SOS-frameworks.sh",
				"${BUILT_PRODUCTS_DIR}/Alamofire/Alamofire.framework",
				"${BUILT_PRODUCTS_DIR}/IQKeyboardManagerSwift/IQKeyboardManagerSwift.framework",
				"${BUILT_PRODUCTS_DIR}/ImageSlideshow/ImageSlideshow.framework",
				"${BUILT_PRODUCTS_DIR}/Kingfisher/Kingfisher.framework",
				"${BUILT_PRODUCTS_DIR}/SwiftyJSON/SwiftyJSON.framework",
				"${BUILT_PRODUCTS_DIR}/UITextView+Placeholder/UITextView_Placeholder.framework",
			);
			name = "[CP] Embed Pods Frameworks";
			outputPaths = (
				"${TARGET_BUILD_DIR}/${FRAMEWORKS_FOLDER_PATH}/Alamofire.framework",
				"${TARGET_BUILD_DIR}/${FRAMEWORKS_FOLDER_PATH}/IQKeyboardManagerSwift.framework",
				"${TARGET_BUILD_DIR}/${FRAMEWORKS_FOLDER_PATH}/ImageSlideshow.framework",
				"${TARGET_BUILD_DIR}/${FRAMEWORKS_FOLDER_PATH}/Kingfisher.framework",
				"${TARGET_BUILD_DIR}/${FRAMEWORKS_FOLDER_PATH}/SwiftyJSON.framework",
				"${TARGET_BUILD_DIR}/${FRAMEWORKS_FOLDER_PATH}/UITextView_Placeholder.framework",
			);
			runOnlyForDeploymentPostprocessing = 0;
			shellPath = /bin/sh;
			shellScript = "\"${SRCROOT}/Pods/Target Support Files/Pods-SOS/Pods-SOS-frameworks.sh\"\n";
			showEnvVarsInLog = 0;
		};
		905CEBD62A6BC366727AF488 /* [CP] Check Pods Manifest.lock */ = {
			isa = PBXShellScriptBuildPhase;
			buildActionMask = 2147483647;
			files = (
			);
			inputPaths = (
				"${PODS_PODFILE_DIR_PATH}/Podfile.lock",
				"${PODS_ROOT}/Manifest.lock",
			);
			name = "[CP] Check Pods Manifest.lock";
			outputPaths = (
				"$(DERIVED_FILE_DIR)/Pods-SOS-checkManifestLockResult.txt",
			);
			runOnlyForDeploymentPostprocessing = 0;
			shellPath = /bin/sh;
			shellScript = "diff \"${PODS_PODFILE_DIR_PATH}/Podfile.lock\" \"${PODS_ROOT}/Manifest.lock\" > /dev/null\nif [ $? != 0 ] ; then\n    # print error to STDERR\n    echo \"error: The sandbox is not in sync with the Podfile.lock. Run 'pod install' or update your CocoaPods installation.\" >&2\n    exit 1\nfi\n# This output is used by Xcode 'outputs' to avoid re-running this script phase.\necho \"SUCCESS\" > \"${SCRIPT_OUTPUT_FILE_0}\"\n";
			showEnvVarsInLog = 0;
		};
		C67E80AFDC2A6F9959E07228 /* [CP] Copy Pods Resources */ = {
			isa = PBXShellScriptBuildPhase;
			buildActionMask = 2147483647;
			files = (
			);
			inputPaths = (
				"${SRCROOT}/Pods/Target Support Files/Pods-SOS/Pods-SOS-resources.sh",
				"${PODS_ROOT}/GoogleMaps/Maps/Frameworks/GoogleMaps.framework/Resources/GoogleMaps.bundle",
				"${PODS_ROOT}/GooglePlaces/Frameworks/GooglePlaces.framework/Resources/GooglePlaces.bundle",
			);
			name = "[CP] Copy Pods Resources";
			outputPaths = (
				"${TARGET_BUILD_DIR}/${UNLOCALIZED_RESOURCES_FOLDER_PATH}",
			);
			runOnlyForDeploymentPostprocessing = 0;
			shellPath = /bin/sh;
			shellScript = "\"${SRCROOT}/Pods/Target Support Files/Pods-SOS/Pods-SOS-resources.sh\"\n";
			showEnvVarsInLog = 0;
		};
/* End PBXShellScriptBuildPhase section */

/* Begin PBXSourcesBuildPhase section */
		84E7416A1F9A713E00245B14 /* Sources */ = {
			isa = PBXSourcesBuildPhase;
			buildActionMask = 2147483647;
			files = (
				8402CA9C1F9B7736001FF052 /* RegistrationViewController.swift in Sources */,
				84D16D2F1F9BFEAF001D4019 /* PinsViewController.swift in Sources */,
				8450A9E21FD03A60009117B6 /* LegalViewController.swift in Sources */,
				84D16D351F9BFFB0001D4019 /* SMSViewController.swift in Sources */,
				8450A9E01FD02188009117B6 /* WhatToDoTableViewCell.swift in Sources */,
				848D48381FE158F2004DB3B8 /* MainViewController.swift in Sources */,
				8402CA911F9B6A17001FF052 /* Extensions.swift in Sources */,
				8402CA921F9B6A17001FF052 /* ServerManager.swift in Sources */,
				84F3D9E21F9C704800046EF1 /* DetailedViewController.swift in Sources */,
				8402CA931F9B6A17001FF052 /* HTTPRequestManager.swift in Sources */,
				84D16D431F9C2631001D4019 /* MessageComposer.swift in Sources */,
				8402CA941F9B6A17001FF052 /* HTTPStatusCode.swift in Sources */,
				84D16D3F1F9C0A69001D4019 /* Location.swift in Sources */,
				84E741AA1F9A8AA500245B14 /* GreenViewController.swift in Sources */,
				84F3D9ED1F9CA17000046EF1 /* Pin.swift in Sources */,
				8402CAA21F9B9C6D001FF052 /* Institute.swift in Sources */,
				84D16D3B1F9BFFEB001D4019 /* HandBookViewController.swift in Sources */,
				84C215E61FDA751300E3D054 /* DescriptionTableViewCell.swift in Sources */,
				84E741A81F9A892900245B14 /* PageViewController.swift in Sources */,
				84E26A971FCDB3A9001C23E4 /* WhatToDoTableViewController.swift in Sources */,
				84F3D9E91F9C845200046EF1 /* Article.swift in Sources */,
				848D48351FE156B9004DB3B8 /* MainCollectionViewCell.swift in Sources */,
				84D16D3D1F9C035A001D4019 /* DetailsViewController.swift in Sources */,
				84E741741F9A713E00245B14 /* ViewController.swift in Sources */,
				8402CA9A1F9B7593001FF052 /* MainListTableViewCell.swift in Sources */,
				84F3D9E71F9C83F900046EF1 /* HandBookTableViewCell.swift in Sources */,
				84F3D9E41F9C717F00046EF1 /* DataManager.swift in Sources */,
				84E07E881FE180160028BED8 /* StoriesTableViewController.swift in Sources */,
				8402CA981F9B73EB001FF052 /* MainListViewController.swift in Sources */,
				8402CAA01F9B8F9C001FF052 /* InstitutionTableViewCell.swift in Sources */,
				84E741721F9A713E00245B14 /* AppDelegate.swift in Sources */,
				84E741AE1F9A8ABE00245B14 /* RedViewController.swift in Sources */,
				84B10F721F9B5248001C23C7 /* Category.swift in Sources */,
				84E741AC1F9A8AB300245B14 /* YellowViewController.swift in Sources */,
				8402CAA41F9BBA8A001FF052 /* EnvelopeViewController.swift in Sources */,
				84B10F701F9B4FCF001C23C7 /* GreenCategoryTableViewCell.swift in Sources */,
				84E26A951FCDA5B1001C23E4 /* DescriptionViewController.swift in Sources */,
				84B10F6B1F9B4F69001C23C7 /* GreenMainViewController.swift in Sources */,
				8402CA9E1F9B8DB2001FF052 /* InstitutionViewController.swift in Sources */,
			);
			runOnlyForDeploymentPostprocessing = 0;
		};
/* End PBXSourcesBuildPhase section */

/* Begin PBXVariantGroup section */
		84E741751F9A713E00245B14 /* Main.storyboard */ = {
			isa = PBXVariantGroup;
			children = (
				84E741761F9A713E00245B14 /* Base */,
			);
			name = Main.storyboard;
			sourceTree = "<group>";
		};
		84E7417A1F9A713E00245B14 /* LaunchScreen.storyboard */ = {
			isa = PBXVariantGroup;
			children = (
				84E7417B1F9A713E00245B14 /* Base */,
			);
			name = LaunchScreen.storyboard;
			sourceTree = "<group>";
		};
/* End PBXVariantGroup section */

/* Begin XCBuildConfiguration section */
		84E7417E1F9A713E00245B14 /* Debug */ = {
			isa = XCBuildConfiguration;
			buildSettings = {
				ALWAYS_SEARCH_USER_PATHS = NO;
				CLANG_ANALYZER_NONNULL = YES;
				CLANG_ANALYZER_NUMBER_OBJECT_CONVERSION = YES_AGGRESSIVE;
				CLANG_CXX_LANGUAGE_STANDARD = "gnu++14";
				CLANG_CXX_LIBRARY = "libc++";
				CLANG_ENABLE_MODULES = YES;
				CLANG_ENABLE_OBJC_ARC = YES;
				CLANG_WARN_BLOCK_CAPTURE_AUTORELEASING = YES;
				CLANG_WARN_BOOL_CONVERSION = YES;
				CLANG_WARN_COMMA = YES;
				CLANG_WARN_CONSTANT_CONVERSION = YES;
				CLANG_WARN_DIRECT_OBJC_ISA_USAGE = YES_ERROR;
				CLANG_WARN_DOCUMENTATION_COMMENTS = YES;
				CLANG_WARN_EMPTY_BODY = YES;
				CLANG_WARN_ENUM_CONVERSION = YES;
				CLANG_WARN_INFINITE_RECURSION = YES;
				CLANG_WARN_INT_CONVERSION = YES;
				CLANG_WARN_NON_LITERAL_NULL_CONVERSION = YES;
				CLANG_WARN_OBJC_LITERAL_CONVERSION = YES;
				CLANG_WARN_OBJC_ROOT_CLASS = YES_ERROR;
				CLANG_WARN_RANGE_LOOP_ANALYSIS = YES;
				CLANG_WARN_STRICT_PROTOTYPES = YES;
				CLANG_WARN_SUSPICIOUS_MOVE = YES;
				CLANG_WARN_UNGUARDED_AVAILABILITY = YES_AGGRESSIVE;
				CLANG_WARN_UNREACHABLE_CODE = YES;
				CLANG_WARN__DUPLICATE_METHOD_MATCH = YES;
				CODE_SIGN_IDENTITY = "iPhone Developer";
				COPY_PHASE_STRIP = NO;
				DEBUG_INFORMATION_FORMAT = dwarf;
				ENABLE_STRICT_OBJC_MSGSEND = YES;
				ENABLE_TESTABILITY = YES;
				GCC_C_LANGUAGE_STANDARD = gnu11;
				GCC_DYNAMIC_NO_PIC = NO;
				GCC_NO_COMMON_BLOCKS = YES;
				GCC_OPTIMIZATION_LEVEL = 0;
				GCC_PREPROCESSOR_DEFINITIONS = (
					"DEBUG=1",
					"$(inherited)",
				);
				GCC_WARN_64_TO_32_BIT_CONVERSION = YES;
				GCC_WARN_ABOUT_RETURN_TYPE = YES_ERROR;
				GCC_WARN_UNDECLARED_SELECTOR = YES;
				GCC_WARN_UNINITIALIZED_AUTOS = YES_AGGRESSIVE;
				GCC_WARN_UNUSED_FUNCTION = YES;
				GCC_WARN_UNUSED_VARIABLE = YES;
				IPHONEOS_DEPLOYMENT_TARGET = 9.0;
				MTL_ENABLE_DEBUG_INFO = YES;
				ONLY_ACTIVE_ARCH = YES;
				SDKROOT = iphoneos;
				SWIFT_ACTIVE_COMPILATION_CONDITIONS = DEBUG;
				SWIFT_OPTIMIZATION_LEVEL = "-Onone";
			};
			name = Debug;
		};
		84E7417F1F9A713E00245B14 /* Release */ = {
			isa = XCBuildConfiguration;
			buildSettings = {
				ALWAYS_SEARCH_USER_PATHS = NO;
				CLANG_ANALYZER_NONNULL = YES;
				CLANG_ANALYZER_NUMBER_OBJECT_CONVERSION = YES_AGGRESSIVE;
				CLANG_CXX_LANGUAGE_STANDARD = "gnu++14";
				CLANG_CXX_LIBRARY = "libc++";
				CLANG_ENABLE_MODULES = YES;
				CLANG_ENABLE_OBJC_ARC = YES;
				CLANG_WARN_BLOCK_CAPTURE_AUTORELEASING = YES;
				CLANG_WARN_BOOL_CONVERSION = YES;
				CLANG_WARN_COMMA = YES;
				CLANG_WARN_CONSTANT_CONVERSION = YES;
				CLANG_WARN_DIRECT_OBJC_ISA_USAGE = YES_ERROR;
				CLANG_WARN_DOCUMENTATION_COMMENTS = YES;
				CLANG_WARN_EMPTY_BODY = YES;
				CLANG_WARN_ENUM_CONVERSION = YES;
				CLANG_WARN_INFINITE_RECURSION = YES;
				CLANG_WARN_INT_CONVERSION = YES;
				CLANG_WARN_NON_LITERAL_NULL_CONVERSION = YES;
				CLANG_WARN_OBJC_LITERAL_CONVERSION = YES;
				CLANG_WARN_OBJC_ROOT_CLASS = YES_ERROR;
				CLANG_WARN_RANGE_LOOP_ANALYSIS = YES;
				CLANG_WARN_STRICT_PROTOTYPES = YES;
				CLANG_WARN_SUSPICIOUS_MOVE = YES;
				CLANG_WARN_UNGUARDED_AVAILABILITY = YES_AGGRESSIVE;
				CLANG_WARN_UNREACHABLE_CODE = YES;
				CLANG_WARN__DUPLICATE_METHOD_MATCH = YES;
				CODE_SIGN_IDENTITY = "iPhone Developer";
				COPY_PHASE_STRIP = NO;
				DEBUG_INFORMATION_FORMAT = "dwarf-with-dsym";
				ENABLE_NS_ASSERTIONS = NO;
				ENABLE_STRICT_OBJC_MSGSEND = YES;
				GCC_C_LANGUAGE_STANDARD = gnu11;
				GCC_NO_COMMON_BLOCKS = YES;
				GCC_WARN_64_TO_32_BIT_CONVERSION = YES;
				GCC_WARN_ABOUT_RETURN_TYPE = YES_ERROR;
				GCC_WARN_UNDECLARED_SELECTOR = YES;
				GCC_WARN_UNINITIALIZED_AUTOS = YES_AGGRESSIVE;
				GCC_WARN_UNUSED_FUNCTION = YES;
				GCC_WARN_UNUSED_VARIABLE = YES;
				IPHONEOS_DEPLOYMENT_TARGET = 9.0;
				MTL_ENABLE_DEBUG_INFO = NO;
				SDKROOT = iphoneos;
				SWIFT_OPTIMIZATION_LEVEL = "-Owholemodule";
				VALIDATE_PRODUCT = YES;
			};
			name = Release;
		};
		84E741811F9A713E00245B14 /* Debug */ = {
			isa = XCBuildConfiguration;
			baseConfigurationReference = 69E5A18DDC8000C5F161D3C2 /* Pods-SOS.debug.xcconfig */;
			buildSettings = {
				ASSETCATALOG_COMPILER_APPICON_NAME = AppIcon;
				CODE_SIGN_STYLE = Automatic;
				DEVELOPMENT_TEAM = U5DCDBG2W2;
				INFOPLIST_FILE = SOS/Info.plist;
				IPHONEOS_DEPLOYMENT_TARGET = 9.0;
				LD_RUNPATH_SEARCH_PATHS = "$(inherited) @executable_path/Frameworks";
				PRODUCT_BUNDLE_IDENTIFIER = neobis.com.aiymkana;
				PRODUCT_NAME = "$(TARGET_NAME)";
				SWIFT_VERSION = 4.0;
				TARGETED_DEVICE_FAMILY = 1;
			};
			name = Debug;
		};
		84E741821F9A713E00245B14 /* Release */ = {
			isa = XCBuildConfiguration;
			baseConfigurationReference = E13AF5A7BDB9AC2D2A8E07DE /* Pods-SOS.release.xcconfig */;
			buildSettings = {
				ASSETCATALOG_COMPILER_APPICON_NAME = AppIcon;
				CODE_SIGN_STYLE = Automatic;
				DEVELOPMENT_TEAM = U5DCDBG2W2;
				INFOPLIST_FILE = SOS/Info.plist;
				IPHONEOS_DEPLOYMENT_TARGET = 9.0;
				LD_RUNPATH_SEARCH_PATHS = "$(inherited) @executable_path/Frameworks";
				PRODUCT_BUNDLE_IDENTIFIER = neobis.com.aiymkana;
				PRODUCT_NAME = "$(TARGET_NAME)";
				SWIFT_VERSION = 4.0;
				TARGETED_DEVICE_FAMILY = 1;
			};
			name = Release;
		};
/* End XCBuildConfiguration section */

/* Begin XCConfigurationList section */
		84E741691F9A713E00245B14 /* Build configuration list for PBXProject "SOS" */ = {
			isa = XCConfigurationList;
			buildConfigurations = (
				84E7417E1F9A713E00245B14 /* Debug */,
				84E7417F1F9A713E00245B14 /* Release */,
			);
			defaultConfigurationIsVisible = 0;
			defaultConfigurationName = Release;
		};
		84E741801F9A713E00245B14 /* Build configuration list for PBXNativeTarget "SOS" */ = {
			isa = XCConfigurationList;
			buildConfigurations = (
				84E741811F9A713E00245B14 /* Debug */,
				84E741821F9A713E00245B14 /* Release */,
			);
			defaultConfigurationIsVisible = 0;
			defaultConfigurationName = Release;
		};
/* End XCConfigurationList section */
	};
	rootObject = 84E741661F9A713E00245B14 /* Project object */;
}
